#MicroXplorer Configuration settings - do not modify
ADC1.Channel-14\#ChannelRegularConversion=ADC_CHANNEL_VINP0_VINM0
ADC1.IPParameters=Rank-14\#ChannelRegularConversion,RankArg-14\#ChannelRegularConversion,master,SelectedChannel,VoltRange-14\#ChannelRegularConversion,Number-14\#ChannelRegularConversion,Channel-14\#ChannelRegularConversion,NbrOfConversionFlag
ADC1.NbrOfConversionFlag=1
ADC1.Number-14\#ChannelRegularConversion=ADC_CALIB_NONE
ADC1.Rank-14\#ChannelRegularConversion=1
ADC1.RankArg-14\#ChannelRegularConversion=ADC_RANK_1
ADC1.SelectedChannel=ADC_CHANNEL_VINP0_VINM0
ADC1.VoltRange-14\#ChannelRegularConversion=ADC_VIN_RANGE_1V2
ADC1.master=1
CAD.formats=
CAD.pinconfig=
CAD.provider=
FREERTOS.IPParameters=Tasks01
FREERTOS.Tasks01=defaultTask,24,128,StartDefaultTask,Default,NULL,Dynamic,NULL,NULL
File.Version=6
GPIO.groupedBy=Group By Peripherals
I2C1.IPParameters=Timing
I2C1.Timing=0x00303D5B
KeepUserPlacement=false
MMTAppRegionsCount=0
MMTConfigApplied=false
Mcu.CPN=STM32WB05KZV6TR
Mcu.Family=STM32WB0
Mcu.IP0=ADC1
Mcu.IP1=CORTEX_M0+
Mcu.IP10=RTC
Mcu.IP11=SYS
Mcu.IP12=USART1
Mcu.IP2=DEBUG
Mcu.IP3=FREERTOS
Mcu.IP4=I2C1
Mcu.IP5=LPUART1
Mcu.IP6=MEMORYMAP
Mcu.IP7=NVIC
Mcu.IP8=PWR
Mcu.IP9=RCC
Mcu.IPNb=13
Mcu.Name=STM32WB05KZVx
Mcu.Package=VFQFPN32
Mcu.Pin0=PB3
Mcu.Pin1=PB2
Mcu.Pin10=PB13
Mcu.Pin11=PB12
Mcu.Pin12=PB7
Mcu.Pin13=PB6
Mcu.Pin14=VP_FREERTOS_VS_CMSIS_V2
Mcu.Pin15=VP_PWR_VS_SECSignals
Mcu.Pin16=VP_RTC_VS_RTC_Activate
Mcu.Pin17=VP_SYS_VS_Systick
Mcu.Pin18=VP_MEMORYMAP_VS_MEMORYMAP
Mcu.Pin2=PA3
Mcu.Pin3=PA2
Mcu.Pin4=PA1
Mcu.Pin5=PA0
Mcu.Pin6=OSCOUT
Mcu.Pin7=OSCIN
Mcu.Pin8=PB15
Mcu.Pin9=PB14
Mcu.PinsNb=19
Mcu.ThirdPartyNb=0
Mcu.UserConstants=
Mcu.UserName=STM32WB05KZVx
MxCube.Version=6.12.1
MxDb.Version=DB.6.0.121
NVIC.ForceEnableDMAVector=true
NVIC.HardFault_IRQn=true\:0\:0\:false\:false\:true\:false\:false\:false\:false
NVIC.NonMaskableInt_IRQn=true\:0\:0\:false\:false\:true\:false\:false\:false\:false
NVIC.PendSV_IRQn=true\:3\:0\:false\:false\:false\:true\:false\:false\:false
NVIC.RTC_IRQn=true\:3\:0\:false\:false\:true\:true\:true\:true\:true
NVIC.SVCall_IRQn=true\:0\:0\:false\:false\:false\:false\:false\:false\:false
NVIC.SavedPendsvIrqHandlerGenerated=true
NVIC.SavedSvcallIrqHandlerGenerated=true
NVIC.SavedSystickIrqHandlerGenerated=true
NVIC.SysTick_IRQn=true\:3\:0\:false\:false\:true\:true\:false\:true\:false
OSCIN.Mode=HSE-External-Oscillator
OSCIN.Signal=RCC_OSC_IN
OSCOUT.Mode=HSE-External-Oscillator
OSCOUT.Signal=RCC_OSC_OUT
PA0.Mode=I2C
PA0.Signal=I2C1_SCL
PA1.Mode=I2C
PA1.Signal=I2C1_SDA
PA2.Mode=Serial_Wire
PA2.Signal=DEBUG_SWDIO
PA3.Mode=Serial_Wire
PA3.Signal=DEBUG_SWCLK
PB12.Mode=LSE-External-Oscillator
PB12.Signal=RCC_OSC32_OUT
PB13.Mode=LSE-External-Oscillator
PB13.Signal=RCC_OSC32_IN
PB14.Locked=true
PB14.Mode=Asynchronous
PB14.Signal=USART1_RX
PB15.Locked=true
PB15.Mode=Asynchronous
PB15.Signal=USART1_TX
PB2.Mode=VIN0_Diff
PB2.Signal=ADC1_VINM0
PB3.Mode=VIN0_Diff
PB3.Signal=ADC1_VINP0
PB6.Mode=Asynchronous
PB6.Signal=LPUART1_TX
PB7.Mode=Asynchronous
PB7.Signal=LPUART1_RX
PinOutPanel.RotationAngle=0
ProjectManager.AskForMigrate=true
ProjectManager.BackupPrevious=false
ProjectManager.CompilerOptimize=6
ProjectManager.ComputerToolchain=false
ProjectManager.CoupleFile=false
ProjectManager.CustomerFirmwarePackage=
ProjectManager.DefaultFWLocation=true
ProjectManager.DeletePrevious=true
ProjectManager.DeviceId=STM32WB05KZVx
ProjectManager.FirmwarePackage=STM32Cube FW_WB0 V1.0.0
ProjectManager.FreePins=false
ProjectManager.HalAssertFull=false
ProjectManager.HeapSize=0x000
ProjectManager.KeepUserCode=true
ProjectManager.LastFirmware=true
ProjectManager.LibraryCopy=0
ProjectManager.MainLocation=Core/Src
ProjectManager.NoMain=false
ProjectManager.PreviousToolchain=
ProjectManager.ProjectBuild=false
ProjectManager.ProjectFileName=wearable_v2_sw.ioc
ProjectManager.ProjectName=wearable_v2_sw
ProjectManager.ProjectStructure=
ProjectManager.RegisterCallBack=
ProjectManager.StackSize=0xC00
ProjectManager.TargetToolchain=EWARM V9.30
ProjectManager.ToolChainLocation=
ProjectManager.UAScriptAfterPath=
ProjectManager.UAScriptBeforePath=
ProjectManager.UnderRoot=false
ProjectManager.functionlistsort=1-SystemClock_Config-RCC-false-HAL-false,2-MX_GPIO_Init-GPIO-false-HAL-true,3-MX_ADC1_Init-ADC1-false-HAL-true,4-MX_I2C1_Init-I2C1-false-HAL-true,5-MX_LPUART1_UART_Init-LPUART1-false-HAL-true,6-MX_USART1_UART_Init-USART1-false-HAL-true,7-MX_RTC_Init-RTC-false-HAL-true,0-MX_CORTEX_M0+_Init-CORTEX_M0+-false-HAL-true,0-MX_PWR_Init-PWR-false-HAL-true
RCC.BLEFreq_VALUE=32000000
RCC.CLKI2S3Freq_VALUE=64000000
RCC.CLKSYSFreq_VALUE=64000000
RCC.ClkSMPSFreq_VALUE=4000000
RCC.FamilyName=M
RCC.HSE_VALUE=32000000
RCC.HSI_VALUE=64000000
RCC.IPParameters=BLEFreq_VALUE,CLKI2S3Freq_VALUE,CLKSYSFreq_VALUE,ClkSMPSFreq_VALUE,FamilyName,HSE_VALUE,HSI_VALUE,LPUARTFreq_VALUE,LSCOPinFreq_Value,LSI_VALUE,MCO1PinFreq_Value,SysCLKFreq_VALUE
RCC.LPUARTFreq_VALUE=16000000
RCC.LSCOPinFreq_Value=32000
RCC.LSI_VALUE=32000
RCC.MCO1PinFreq_Value=64000000
RCC.SysCLKFreq_VALUE=64000000
USART1.IPParameters=VirtualMode-Asynchronous
USART1.VirtualMode-Asynchronous=VM_ASYNC
VP_FREERTOS_VS_CMSIS_V2.Mode=CMSIS_V2
VP_FREERTOS_VS_CMSIS_V2.Signal=FREERTOS_VS_CMSIS_V2
VP_MEMORYMAP_VS_MEMORYMAP.Mode=CurAppReg
VP_MEMORYMAP_VS_MEMORYMAP.Signal=MEMORYMAP_VS_MEMORYMAP
VP_PWR_VS_SECSignals.Mode=Security/Privilege
VP_PWR_VS_SECSignals.Signal=PWR_VS_SECSignals
VP_RTC_VS_RTC_Activate.Mode=RTC_Enabled
VP_RTC_VS_RTC_Activate.Signal=RTC_VS_RTC_Activate
VP_SYS_VS_Systick.Mode=SysTick
VP_SYS_VS_Systick.Signal=SYS_VS_Systick
board=custom
rtos.0.ip=FREERTOS
